
Microsoft Visual Studio Solution File, Format Version 12.00
# Visual Studio Version 17
VisualStudioVersion = 17.5.33530.505
MinimumVisualStudioVersion = 10.0.40219.1
Project("{FAE04EC0-301F-11D3-BF4B-00C04F79EFBC}") = "BlogWeb", "BlogWeb\BlogWeb.csproj", "{C5446784-89F6-4658-B4F4-90C149485ACA}"
EndProject
Global
	GlobalSection(SolutionConfigurationPlatforms) = preSolution
		Debug|Any CPU = Debug|Any CPU
		Release|Any CPU = Release|Any CPU
	EndGlobalSection
	GlobalSection(ProjectConfigurationPlatforms) = postSolution
		{C5446784-89F6-4658-B4F4-90C149485ACA}.Debug|Any CPU.ActiveCfg = Debug|Any CPU
		{C5446784-89F6-4658-B4F4-90C149485ACA}.Debug|Any CPU.Build.0 = Debug|Any CPU
		{C5446784-89F6-4658-B4F4-90C149485ACA}.Release|Any CPU.ActiveCfg = Release|Any CPU
		{C5446784-89F6-4658-B4F4-90C149485ACA}.Release|Any CPU.Build.0 = Release|Any CPU
	EndGlobalSection
	GlobalSection(SolutionProperties) = preSolution
		HideSolutionNode = FALSE
	EndGlobalSection
	GlobalSection(ExtensibilityGlobals) = postSolution
		SolutionGuid = {30B54FAD-9239-416E-8E15-E94D33110D96}
	EndGlobalSection
EndGlobal
